
Microsoft Visual Studio Solution File, Format Version 12.00
# Visual Studio 15
VisualStudioVersion = 15.0.28010.2036
MinimumVisualStudioVersion = 10.0.40219.1
Project("{FAE04EC0-301F-11D3-BF4B-00C04F79EFBC}") = "HockeyApp", "HockeyApp\HockeyApp.csproj", "{C74E5052-DC86-4F6D-A61C-13C79461D3C0}"
EndProject
Global
	GlobalSection(SolutionConfigurationPlatforms) = preSolution
		Debug|Any CPU = Debug|Any CPU
		Release|Any CPU = Release|Any CPU
	EndGlobalSection
	GlobalSection(ProjectConfigurationPlatforms) = postSolution
		{C74E5052-DC86-4F6D-A61C-13C79461D3C0}.Debug|Any CPU.ActiveCfg = Debug|Any CPU
		{C74E5052-DC86-4F6D-A61C-13C79461D3C0}.Debug|Any CPU.Build.0 = Debug|Any CPU
		{C74E5052-DC86-4F6D-A61C-13C79461D3C0}.Release|Any CPU.ActiveCfg = Release|Any CPU
		{C74E5052-DC86-4F6D-A61C-13C79461D3C0}.Release|Any CPU.Build.0 = Release|Any CPU
	EndGlobalSection
	GlobalSection(SolutionProperties) = preSolution
		HideSolutionNode = FALSE
	EndGlobalSection
	GlobalSection(ExtensibilityGlobals) = postSolution
		SolutionGuid = {966FC12C-1B5E-4F72-90E7-627F6F4A201F}
	EndGlobalSection
EndGlobal
